packages:
- package: calogica/dbt_expectations
  version: 0.8.2
- package: dbt-labs/dbt_external_tables
  version: 0.8.2
- package: dbt-labs/dbt_utils
  version: 1.0.0
- git: https://github.com/FlipsideCrypto/fsc-utils.git
  revision: 80485821ff14c1393b9a533cd06ca2ec6fdb04df
- package: get-select/dbt_snowflake_query_tags
  version: 2.3.3
- package: calogica/dbt_date
  version: 0.7.2
- git: https://github.com/FlipsideCrypto/livequery-models.git
  revision: 883675b4021cc9a777e12fe6be8114ab039ab365
sha1_hash: 012851a695449279e6536157772e44a04a1246fc
